
Microsoft Visual Studio Solution File, Format Version 12.00
# Visual Studio Version 17
VisualStudioVersion = 17.2.32519.379
MinimumVisualStudioVersion = 10.0.40219.1
Project("{FAE04EC0-301F-11D3-BF4B-00C04F79EFBC}") = "AuthServer", "AuthServer\AuthServer.csproj", "{99AAEA4F-DDD5-4392-AFCF-4651C97BE986}"
EndProject
Global
	GlobalSection(SolutionConfigurationPlatforms) = preSolution
		Debug|Any CPU = Debug|Any CPU
		Release|Any CPU = Release|Any CPU
	EndGlobalSection
	GlobalSection(ProjectConfigurationPlatforms) = postSolution
		{99AAEA4F-DDD5-4392-AFCF-4651C97BE986}.Debug|Any CPU.ActiveCfg = Debug|Any CPU
		{99AAEA4F-DDD5-4392-AFCF-4651C97BE986}.Debug|Any CPU.Build.0 = Debug|Any CPU
		{99AAEA4F-DDD5-4392-AFCF-4651C97BE986}.Release|Any CPU.ActiveCfg = Release|Any CPU
		{99AAEA4F-DDD5-4392-AFCF-4651C97BE986}.Release|Any CPU.Build.0 = Release|Any CPU
	EndGlobalSection
	GlobalSection(SolutionProperties) = preSolution
		HideSolutionNode = FALSE
	EndGlobalSection
	GlobalSection(ExtensibilityGlobals) = postSolution
		SolutionGuid = {FADC02A8-4749-4101-8F03-20AB232759FB}
	EndGlobalSection
EndGlobal
